{
  "lockfile_version": "1",
  "packages": {
    "git@latest": {
      "last_modified": "2026-01-23T17:20:52Z",
      "resolved": "github:NixOS/nixpkgs/a1bab9e494f5f4939442a57a58d0449a109593fe#git",
      "source": "devbox-search",
      "version": "2.52.0",
      "systems": {
        "aarch64-darwin": {
          "outputs": [
            {
              "name": "out",
              "path": "/nix/store/vnhprisb777byfjpp5mdd0mxwkpvhbc0-git-2.52.0",
              "default": true
            },
            {
              "name": "doc",
              "path": "/nix/store/p0dx3053175fpr3kjf0fqgs9x6gm3dri-git-2.52.0-doc"
            }
          ],
          "store_path": "/nix/store/vnhprisb777byfjpp5mdd0mxwkpvhbc0-git-2.52.0"
        },
        "aarch64-linux": {
          "outputs": [
            {
              "name": "out",
              "path": "/nix/store/sd4bjblxfljbm13mpl50x8g336gw2dri-git-2.52.0",
              "default": true
            },
            {
              "name": "debug",
              "path": "/nix/store/cx033x4nmr12d9dcn8hxjfrajc3983f0-git-2.52.0-debug"
            },
            {
              "name": "doc",
              "path": "/nix/store/ylsmgdrnp78p8hn7n9lxpada78dka41v-git-2.52.0-doc"
            }
          ],
          "store_path": "/nix/store/sd4bjblxfljbm13mpl50x8g336gw2dri-git-2.52.0"
        },
        "x86_64-darwin": {
          "outputs": [
            {
              "name": "out",
              "path": "/nix/store/sr42bfqa0pc2ysba678mrm49g78jdynp-git-2.52.0",
              "default": true
            },
            {
              "name": "doc",
              "path": "/nix/store/fky0ci2bhwgyh9klg5682pmqswqg7wk4-git-2.52.0-doc"
            }
          ],
          "store_path": "/nix/store/sr42bfqa0pc2ysba678mrm49g78jdynp-git-2.52.0"
        },
        "x86_64-linux": {
          "outputs": [
            {
              "name": "out",
              "path": "/nix/store/ipwndaag56mm8g8gn8j98z0jvn8x4mk1-git-2.52.0",
              "default": true
            },
            {
              "name": "debug",
              "path": "/nix/store/zd8di23fmzjwrhb5ij1bjnlfqkx9j7d6-git-2.52.0-debug"
            },
            {
              "name": "doc",
              "path": "/nix/store/d8kc4kqzcrbcj92msxrpdsdjglh2q5gp-git-2.52.0-doc"
            }
          ],
          "store_path": "/nix/store/ipwndaag56mm8g8gn8j98z0jvn8x4mk1-git-2.52.0"
        }
      }
    },
    "github:NixOS/nixpkgs/nixpkgs-unstable": {
      "last_modified": "2026-02-13T23:34:13Z",
      "resolved": "github:NixOS/nixpkgs/7d2ae6d8b8b697b5114a4249d0d958ee5f23d8fe?lastModified=1771025653&narHash=sha256-Y7FxD%2FqS8VRBQ7lgJIbMX7HU3FQifaMkJzOPz8NFrac%3D"
    },
    "libiconv": {
      "resolved": "github:NixOS/nixpkgs/7d2ae6d8b8b697b5114a4249d0d958ee5f23d8fe?narHash=sha256-Y7FxD%2FqS8VRBQ7lgJIbMX7HU3FQifaMkJzOPz8NFrac%3D#libiconv",
      "source": "nixpkg"
    },
    "pkg-config": {
      "resolved": "github:NixOS/nixpkgs/7d2ae6d8b8b697b5114a4249d0d958ee5f23d8fe?narHash=sha256-Y7FxD%2FqS8VRBQ7lgJIbMX7HU3FQifaMkJzOPz8NFrac%3D#pkg-config",
      "source": "nixpkg"
    },
    "rustup": {
      "plugin_version": "0.0.1",
      "resolved": "github:NixOS/nixpkgs/7d2ae6d8b8b697b5114a4249d0d958ee5f23d8fe?narHash=sha256-Y7FxD%2FqS8VRBQ7lgJIbMX7HU3FQifaMkJzOPz8NFrac%3D#rustup",
      "source": "nixpkg"
    }
  }
}
